// !$*UTF8*$!
{
	archiveVersion = 1;
	classes = {
	};
	objectVersion = 46;
	objects = {

/* Begin PBXBuildFile section */
		733E0C88148743C200D440E1 /* UIKit.framework in Frameworks */ = {isa = PBXBuildFile; fileRef = 733E0C87148743C200D440E1 /* UIKit.framework */; };
		733E0C8A148743C200D440E1 /* Foundation.framework in Frameworks */ = {isa = PBXBuildFile; fileRef = 733E0C89148743C200D440E1 /* Foundation.framework */; };
		733E0C8C148743C200D440E1 /* CoreGraphics.framework in Frameworks */ = {isa = PBXBuildFile; fileRef = 733E0C8B148743C200D440E1 /* CoreGraphics.framework */; };
		733E0C92148743C300D440E1 /* InfoPlist.strings in Resources */ = {isa = PBXBuildFile; fileRef = 733E0C90148743C300D440E1 /* InfoPlist.strings */; };
		733E0C94148743C300D440E1 /* main.m in Sources */ = {isa = PBXBuildFile; fileRef = 733E0C93148743C300D440E1 /* main.m */; };
		733E0C98148743C300D440E1 /* Dec1AppDelegate.m in Sources */ = {isa = PBXBuildFile; fileRef = 733E0C97148743C300D440E1 /* Dec1AppDelegate.m */; };
		733E0CA01487441600D440E1 /* View.m in Sources */ = {isa = PBXBuildFile; fileRef = 733E0C9F1487441600D440E1 /* View.m */; };
		733E0CA31487442400D440E1 /* ViewController.m in Sources */ = {isa = PBXBuildFile; fileRef = 733E0CA21487442400D440E1 /* ViewController.m */; };
		733E0CA51487515800D440E1 /* QuartzCore.framework in Frameworks */ = {isa = PBXBuildFile; fileRef = 733E0CA41487515800D440E1 /* QuartzCore.framework */; };
/* End PBXBuildFile section */

/* Begin PBXFileReference section */
		733E0C83148743C200D440E1 /* Dec1.app */ = {isa = PBXFileReference; explicitFileType = wrapper.application; includeInIndex = 0; path = Dec1.app; sourceTree = BUILT_PRODUCTS_DIR; };
		733E0C87148743C200D440E1 /* UIKit.framework */ = {isa = PBXFileReference; lastKnownFileType = wrapper.framework; name = UIKit.framework; path = System/Library/Frameworks/UIKit.framework; sourceTree = SDKROOT; };
		733E0C89148743C200D440E1 /* Foundation.framework */ = {isa = PBXFileReference; lastKnownFileType = wrapper.framework; name = Foundation.framework; path = System/Library/Frameworks/Foundation.framework; sourceTree = SDKROOT; };
		733E0C8B148743C200D440E1 /* CoreGraphics.framework */ = {isa = PBXFileReference; lastKnownFileType = wrapper.framework; name = CoreGraphics.framework; path = System/Library/Frameworks/CoreGraphics.framework; sourceTree = SDKROOT; };
		733E0C8F148743C300D440E1 /* Dec1-Info.plist */ = {isa = PBXFileReference; lastKnownFileType = text.plist.xml; path = "Dec1-Info.plist"; sourceTree = "<group>"; };
		733E0C91148743C300D440E1 /* en */ = {isa = PBXFileReference; lastKnownFileType = text.plist.strings; name = en; path = en.lproj/InfoPlist.strings; sourceTree = "<group>"; };
		733E0C93148743C300D440E1 /* main.m */ = {isa = PBXFileReference; lastKnownFileType = sourcecode.c.objc; path = main.m; sourceTree = "<group>"; };
		733E0C95148743C300D440E1 /* Dec1-Prefix.pch */ = {isa = PBXFileReference; lastKnownFileType = sourcecode.c.h; path = "Dec1-Prefix.pch"; sourceTree = "<group>"; };
		733E0C96148743C300D440E1 /* Dec1AppDelegate.h */ = {isa = PBXFileReference; lastKnownFileType = sourcecode.c.h; path = Dec1AppDelegate.h; sourceTree = "<group>"; };
		733E0C97148743C300D440E1 /* Dec1AppDelegate.m */ = {isa = PBXFileReference; lastKnownFileType = sourcecode.c.objc; path = Dec1AppDelegate.m; sourceTree = "<group>"; };
		733E0C9E1487441600D440E1 /* View.h */ = {isa = PBXFileReference; fileEncoding = 4; lastKnownFileType = sourcecode.c.h; path = View.h; sourceTree = "<group>"; };
		733E0C9F1487441600D440E1 /* View.m */ = {isa = PBXFileReference; fileEncoding = 4; lastKnownFileType = sourcecode.c.objc; path = View.m; sourceTree = "<group>"; };
		733E0CA11487442400D440E1 /* ViewController.h */ = {isa = PBXFileReference; fileEncoding = 4; lastKnownFileType = sourcecode.c.h; path = ViewController.h; sourceTree = "<group>"; };
		733E0CA21487442400D440E1 /* ViewController.m */ = {isa = PBXFileReference; fileEncoding = 4; lastKnownFileType = sourcecode.c.objc; path = ViewController.m; sourceTree = "<group>"; };
		733E0CA41487515800D440E1 /* QuartzCore.framework */ = {isa = PBXFileReference; lastKnownFileType = wrapper.framework; name = QuartzCore.framework; path = System/Library/Frameworks/QuartzCore.framework; sourceTree = SDKROOT; };
/* End PBXFileReference section */

/* Begin PBXFrameworksBuildPhase section */
		733E0C80148743C200D440E1 /* Frameworks */ = {
			isa = PBXFrameworksBuildPhase;
			buildActionMask = 2147483647;
			files = (
				733E0C88148743C200D440E1 /* UIKit.framework in Frameworks */,
				733E0C8A148743C200D440E1 /* Foundation.framework in Frameworks */,
				733E0C8C148743C200D440E1 /* CoreGraphics.framework in Frameworks */,
				733E0CA51487515800D440E1 /* QuartzCore.framework in Frameworks */,
			);
			runOnlyForDeploymentPostprocessing = 0;
		};
/* End PBXFrameworksBuildPhase section */

/* Begin PBXGroup section */
		733E0C78148743C200D440E1 = {
			isa = PBXGroup;
			children = (
				733E0C8D148743C200D440E1 /* Dec1 */,
				733E0C86148743C200D440E1 /* Frameworks */,
				733E0C84148743C200D440E1 /* Products */,
			);
			sourceTree = "<group>";
		};
		733E0C84148743C200D440E1 /* Products */ = {
			isa = PBXGroup;
			children = (
				733E0C83148743C200D440E1 /* Dec1.app */,
			);
			name = Products;
			sourceTree = "<group>";
		};
		733E0C86148743C200D440E1 /* Frameworks */ = {
			isa = PBXGroup;
			children = (
				733E0CA41487515800D440E1 /* QuartzCore.framework */,
				733E0C87148743C200D440E1 /* UIKit.framework */,
				733E0C89148743C200D440E1 /* Foundation.framework */,
				733E0C8B148743C200D440E1 /* CoreGraphics.framework */,
			);
			name = Frameworks;
			sourceTree = "<group>";
		};
		733E0C8D148743C200D440E1 /* Dec1 */ = {
			isa = PBXGroup;
			children = (
				733E0C96148743C300D440E1 /* Dec1AppDelegate.h */,
				733E0C97148743C300D440E1 /* Dec1AppDelegate.m */,
				733E0C8E148743C300D440E1 /* Supporting Files */,
				733E0C9E1487441600D440E1 /* View.h */,
				733E0C9F1487441600D440E1 /* View.m */,
				733E0CA11487442400D440E1 /* ViewController.h */,
				733E0CA21487442400D440E1 /* ViewController.m */,
			);
			path = Dec1;
			sourceTree = "<group>";
		};
		733E0C8E148743C300D440E1 /* Supporting Files */ = {
			isa = PBXGroup;
			children = (
				733E0C8F148743C300D440E1 /* Dec1-Info.plist */,
				733E0C90148743C300D440E1 /* InfoPlist.strings */,
				733E0C93148743C300D440E1 /* main.m */,
				733E0C95148743C300D440E1 /* Dec1-Prefix.pch */,
			);
			name = "Supporting Files";
			sourceTree = "<group>";
		};
/* End PBXGroup section */

/* Begin PBXNativeTarget section */
		733E0C82148743C200D440E1 /* Dec1 */ = {
			isa = PBXNativeTarget;
			buildConfigurationList = 733E0C9B148743C300D440E1 /* Build configuration list for PBXNativeTarget "Dec1" */;
			buildPhases = (
				733E0C7F148743C200D440E1 /* Sources */,
				733E0C80148743C200D440E1 /* Frameworks */,
				733E0C81148743C200D440E1 /* Resources */,
			);
			buildRules = (
			);
			dependencies = (
			);
			name = Dec1;
			productName = Dec1;
			productReference = 733E0C83148743C200D440E1 /* Dec1.app */;
			productType = "com.apple.product-type.application";
		};
/* End PBXNativeTarget section */

/* Begin PBXProject section */
		733E0C7A148743C200D440E1 /* Project object */ = {
			isa = PBXProject;
			attributes = {
				LastUpgradeCheck = 0420;
				ORGANIZATIONNAME = "Comedy Central";
			};
			buildConfigurationList = 733E0C7D148743C200D440E1 /* Build configuration list for PBXProject "Dec1" */;
			compatibilityVersion = "Xcode 3.2";
			developmentRegion = English;
			hasScannedForEncodings = 0;
			knownRegions = (
				en,
			);
			mainGroup = 733E0C78148743C200D440E1;
			productRefGroup = 733E0C84148743C200D440E1 /* Products */;
			projectDirPath = "";
			projectRoot = "";
			targets = (
				733E0C82148743C200D440E1 /* Dec1 */,
			);
		};
/* End PBXProject section */

/* Begin PBXResourcesBuildPhase section */
		733E0C81148743C200D440E1 /* Resources */ = {
			isa = PBXResourcesBuildPhase;
			buildActionMask = 2147483647;
			files = (
				733E0C92148743C300D440E1 /* InfoPlist.strings in Resources */,
			);
			runOnlyForDeploymentPostprocessing = 0;
		};
/* End PBXResourcesBuildPhase section */

/* Begin PBXSourcesBuildPhase section */
		733E0C7F148743C200D440E1 /* Sources */ = {
			isa = PBXSourcesBuildPhase;
			buildActionMask = 2147483647;
			files = (
				733E0C94148743C300D440E1 /* main.m in Sources */,
				733E0C98148743C300D440E1 /* Dec1AppDelegate.m in Sources */,
				733E0CA01487441600D440E1 /* View.m in Sources */,
				733E0CA31487442400D440E1 /* ViewController.m in Sources */,
			);
			runOnlyForDeploymentPostprocessing = 0;
		};
/* End PBXSourcesBuildPhase section */

/* Begin PBXVariantGroup section */
		733E0C90148743C300D440E1 /* InfoPlist.strings */ = {
			isa = PBXVariantGroup;
			children = (
				733E0C91148743C300D440E1 /* en */,
			);
			name = InfoPlist.strings;
			sourceTree = "<group>";
		};
/* End PBXVariantGroup section */

/* Begin XCBuildConfiguration section */
		733E0C99148743C300D440E1 /* Debug */ = {
			isa = XCBuildConfiguration;
			buildSettings = {
				ALWAYS_SEARCH_USER_PATHS = NO;
				ARCHS = "$(ARCHS_STANDARD_32_BIT)";
				CLANG_ENABLE_OBJC_ARC = YES;
				"CODE_SIGN_IDENTITY[sdk=iphoneos*]" = "iPhone Developer";
				COPY_PHASE_STRIP = NO;
				GCC_C_LANGUAGE_STANDARD = gnu99;
				GCC_DYNAMIC_NO_PIC = NO;
				GCC_OPTIMIZATION_LEVEL = 0;
				GCC_PREPROCESSOR_DEFINITIONS = (
					"DEBUG=1",
					"$(inherited)",
				);
				GCC_SYMBOLS_PRIVATE_EXTERN = NO;
				GCC_VERSION = com.apple.compilers.llvm.clang.1_0;
				GCC_WARN_ABOUT_MISSING_PROTOTYPES = YES;
				GCC_WARN_ABOUT_RETURN_TYPE = YES;
				GCC_WARN_UNUSED_VARIABLE = YES;
				IPHONEOS_DEPLOYMENT_TARGET = 5.0;
				SDKROOT = iphoneos;
				TARGETED_DEVICE_FAMILY = "1,2";
			};
			name = Debug;
		};
		733E0C9A148743C300D440E1 /* Release */ = {
			isa = XCBuildConfiguration;
			buildSettings = {
				ALWAYS_SEARCH_USER_PATHS = NO;
				ARCHS = "$(ARCHS_STANDARD_32_BIT)";
				CLANG_ENABLE_OBJC_ARC = YES;
				"CODE_SIGN_IDENTITY[sdk=iphoneos*]" = "iPhone Developer";
				COPY_PHASE_STRIP = YES;
				GCC_C_LANGUAGE_STANDARD = gnu99;
				GCC_VERSION = com.apple.compilers.llvm.clang.1_0;
				GCC_WARN_ABOUT_MISSING_PROTOTYPES = YES;
				GCC_WARN_ABOUT_RETURN_TYPE = YES;
				GCC_WARN_UNUSED_VARIABLE = YES;
				IPHONEOS_DEPLOYMENT_TARGET = 5.0;
				OTHER_CFLAGS = "-DNS_BLOCK_ASSERTIONS=1";
				SDKROOT = iphoneos;
				TARGETED_DEVICE_FAMILY = "1,2";
				VALIDATE_PRODUCT = YES;
			};
			name = Release;
		};
		733E0C9C148743C300D440E1 /* Debug */ = {
			isa = XCBuildConfiguration;
			buildSettings = {
				GCC_PRECOMPILE_PREFIX_HEADER = YES;
				GCC_PREFIX_HEADER = "Dec1/Dec1-Prefix.pch";
				INFOPLIST_FILE = "Dec1/Dec1-Info.plist";
				PRODUCT_NAME = "$(TARGET_NAME)";
				WRAPPER_EXTENSION = app;
			};
			name = Debug;
		};
		733E0C9D148743C300D440E1 /* Release */ = {
			isa = XCBuildConfiguration;
			buildSettings = {
				GCC_PRECOMPILE_PREFIX_HEADER = YES;
				GCC_PREFIX_HEADER = "Dec1/Dec1-Prefix.pch";
				INFOPLIST_FILE = "Dec1/Dec1-Info.plist";
				PRODUCT_NAME = "$(TARGET_NAME)";
				WRAPPER_EXTENSION = app;
			};
			name = Release;
		};
/* End XCBuildConfiguration section */

/* Begin XCConfigurationList section */
		733E0C7D148743C200D440E1 /* Build configuration list for PBXProject "Dec1" */ = {
			isa = XCConfigurationList;
			buildConfigurations = (
				733E0C99148743C300D440E1 /* Debug */,
				733E0C9A148743C300D440E1 /* Release */,
			);
			defaultConfigurationIsVisible = 0;
			defaultConfigurationName = Release;
		};
		733E0C9B148743C300D440E1 /* Build configuration list for PBXNativeTarget "Dec1" */ = {
			isa = XCConfigurationList;
			buildConfigurations = (
				733E0C9C148743C300D440E1 /* Debug */,
				733E0C9D148743C300D440E1 /* Release */,
			);
			defaultConfigurationIsVisible = 0;
		};
/* End XCConfigurationList section */
	};
	rootObject = 733E0C7A148743C200D440E1 /* Project object */;
}
