// !$*UTF8*$!
{
	archiveVersion = 1;
	classes = {
	};
	objectVersion = 46;
	objects = {

/* Begin PBXBuildFile section */
		733E0C4F14873B7F00D440E1 /* UIKit.framework in Frameworks */ = {isa = PBXBuildFile; fileRef = 733E0C4E14873B7F00D440E1 /* UIKit.framework */; };
		733E0C5114873B7F00D440E1 /* Foundation.framework in Frameworks */ = {isa = PBXBuildFile; fileRef = 733E0C5014873B7F00D440E1 /* Foundation.framework */; };
		733E0C5314873B7F00D440E1 /* CoreGraphics.framework in Frameworks */ = {isa = PBXBuildFile; fileRef = 733E0C5214873B7F00D440E1 /* CoreGraphics.framework */; };
		733E0C5914873B7F00D440E1 /* InfoPlist.strings in Resources */ = {isa = PBXBuildFile; fileRef = 733E0C5714873B7F00D440E1 /* InfoPlist.strings */; };
		733E0C5B14873B7F00D440E1 /* main.m in Sources */ = {isa = PBXBuildFile; fileRef = 733E0C5A14873B7F00D440E1 /* main.m */; };
		733E0C5F14873B7F00D440E1 /* SpringAppDelegate.m in Sources */ = {isa = PBXBuildFile; fileRef = 733E0C5E14873B7F00D440E1 /* SpringAppDelegate.m */; };
		733E0C6714873BA300D440E1 /* Pearl.m in Sources */ = {isa = PBXBuildFile; fileRef = 733E0C6614873BA300D440E1 /* Pearl.m */; };
		733E0C6A14873BAC00D440E1 /* View.m in Sources */ = {isa = PBXBuildFile; fileRef = 733E0C6914873BAC00D440E1 /* View.m */; };
		733E0C6D14873EAD00D440E1 /* ViewController.m in Sources */ = {isa = PBXBuildFile; fileRef = 733E0C6C14873EAD00D440E1 /* ViewController.m */; };
		733E0C731487425C00D440E1 /* QuartzCore.framework in Frameworks */ = {isa = PBXBuildFile; fileRef = 733E0C721487425C00D440E1 /* QuartzCore.framework */; };
/* End PBXBuildFile section */

/* Begin PBXFileReference section */
		733E0C4A14873B7F00D440E1 /* Spring.app */ = {isa = PBXFileReference; explicitFileType = wrapper.application; includeInIndex = 0; path = Spring.app; sourceTree = BUILT_PRODUCTS_DIR; };
		733E0C4E14873B7F00D440E1 /* UIKit.framework */ = {isa = PBXFileReference; lastKnownFileType = wrapper.framework; name = UIKit.framework; path = System/Library/Frameworks/UIKit.framework; sourceTree = SDKROOT; };
		733E0C5014873B7F00D440E1 /* Foundation.framework */ = {isa = PBXFileReference; lastKnownFileType = wrapper.framework; name = Foundation.framework; path = System/Library/Frameworks/Foundation.framework; sourceTree = SDKROOT; };
		733E0C5214873B7F00D440E1 /* CoreGraphics.framework */ = {isa = PBXFileReference; lastKnownFileType = wrapper.framework; name = CoreGraphics.framework; path = System/Library/Frameworks/CoreGraphics.framework; sourceTree = SDKROOT; };
		733E0C5614873B7F00D440E1 /* Spring-Info.plist */ = {isa = PBXFileReference; lastKnownFileType = text.plist.xml; path = "Spring-Info.plist"; sourceTree = "<group>"; };
		733E0C5814873B7F00D440E1 /* en */ = {isa = PBXFileReference; lastKnownFileType = text.plist.strings; name = en; path = en.lproj/InfoPlist.strings; sourceTree = "<group>"; };
		733E0C5A14873B7F00D440E1 /* main.m */ = {isa = PBXFileReference; lastKnownFileType = sourcecode.c.objc; path = main.m; sourceTree = "<group>"; };
		733E0C5C14873B7F00D440E1 /* Spring-Prefix.pch */ = {isa = PBXFileReference; lastKnownFileType = sourcecode.c.h; path = "Spring-Prefix.pch"; sourceTree = "<group>"; };
		733E0C5D14873B7F00D440E1 /* SpringAppDelegate.h */ = {isa = PBXFileReference; lastKnownFileType = sourcecode.c.h; path = SpringAppDelegate.h; sourceTree = "<group>"; };
		733E0C5E14873B7F00D440E1 /* SpringAppDelegate.m */ = {isa = PBXFileReference; lastKnownFileType = sourcecode.c.objc; path = SpringAppDelegate.m; sourceTree = "<group>"; };
		733E0C6514873BA300D440E1 /* Pearl.h */ = {isa = PBXFileReference; fileEncoding = 4; lastKnownFileType = sourcecode.c.h; path = Pearl.h; sourceTree = "<group>"; };
		733E0C6614873BA300D440E1 /* Pearl.m */ = {isa = PBXFileReference; fileEncoding = 4; lastKnownFileType = sourcecode.c.objc; path = Pearl.m; sourceTree = "<group>"; };
		733E0C6814873BAC00D440E1 /* View.h */ = {isa = PBXFileReference; fileEncoding = 4; lastKnownFileType = sourcecode.c.h; path = View.h; sourceTree = "<group>"; };
		733E0C6914873BAC00D440E1 /* View.m */ = {isa = PBXFileReference; fileEncoding = 4; lastKnownFileType = sourcecode.c.objc; path = View.m; sourceTree = "<group>"; };
		733E0C6B14873EAD00D440E1 /* ViewController.h */ = {isa = PBXFileReference; fileEncoding = 4; lastKnownFileType = sourcecode.c.h; path = ViewController.h; sourceTree = "<group>"; };
		733E0C6C14873EAD00D440E1 /* ViewController.m */ = {isa = PBXFileReference; fileEncoding = 4; lastKnownFileType = sourcecode.c.objc; path = ViewController.m; sourceTree = "<group>"; };
		733E0C721487425C00D440E1 /* QuartzCore.framework */ = {isa = PBXFileReference; lastKnownFileType = wrapper.framework; name = QuartzCore.framework; path = System/Library/Frameworks/QuartzCore.framework; sourceTree = SDKROOT; };
/* End PBXFileReference section */

/* Begin PBXFrameworksBuildPhase section */
		733E0C4714873B7F00D440E1 /* Frameworks */ = {
			isa = PBXFrameworksBuildPhase;
			buildActionMask = 2147483647;
			files = (
				733E0C4F14873B7F00D440E1 /* UIKit.framework in Frameworks */,
				733E0C5114873B7F00D440E1 /* Foundation.framework in Frameworks */,
				733E0C5314873B7F00D440E1 /* CoreGraphics.framework in Frameworks */,
				733E0C731487425C00D440E1 /* QuartzCore.framework in Frameworks */,
			);
			runOnlyForDeploymentPostprocessing = 0;
		};
/* End PBXFrameworksBuildPhase section */

/* Begin PBXGroup section */
		733E0C3F14873B7C00D440E1 = {
			isa = PBXGroup;
			children = (
				733E0C5414873B7F00D440E1 /* Spring */,
				733E0C4D14873B7F00D440E1 /* Frameworks */,
				733E0C4B14873B7F00D440E1 /* Products */,
			);
			sourceTree = "<group>";
		};
		733E0C4B14873B7F00D440E1 /* Products */ = {
			isa = PBXGroup;
			children = (
				733E0C4A14873B7F00D440E1 /* Spring.app */,
			);
			name = Products;
			sourceTree = "<group>";
		};
		733E0C4D14873B7F00D440E1 /* Frameworks */ = {
			isa = PBXGroup;
			children = (
				733E0C721487425C00D440E1 /* QuartzCore.framework */,
				733E0C4E14873B7F00D440E1 /* UIKit.framework */,
				733E0C5014873B7F00D440E1 /* Foundation.framework */,
				733E0C5214873B7F00D440E1 /* CoreGraphics.framework */,
			);
			name = Frameworks;
			sourceTree = "<group>";
		};
		733E0C5414873B7F00D440E1 /* Spring */ = {
			isa = PBXGroup;
			children = (
				733E0C5D14873B7F00D440E1 /* SpringAppDelegate.h */,
				733E0C5E14873B7F00D440E1 /* SpringAppDelegate.m */,
				733E0C5514873B7F00D440E1 /* Supporting Files */,
				733E0C6514873BA300D440E1 /* Pearl.h */,
				733E0C6614873BA300D440E1 /* Pearl.m */,
				733E0C6814873BAC00D440E1 /* View.h */,
				733E0C6914873BAC00D440E1 /* View.m */,
				733E0C6B14873EAD00D440E1 /* ViewController.h */,
				733E0C6C14873EAD00D440E1 /* ViewController.m */,
			);
			path = Spring;
			sourceTree = "<group>";
		};
		733E0C5514873B7F00D440E1 /* Supporting Files */ = {
			isa = PBXGroup;
			children = (
				733E0C5614873B7F00D440E1 /* Spring-Info.plist */,
				733E0C5714873B7F00D440E1 /* InfoPlist.strings */,
				733E0C5A14873B7F00D440E1 /* main.m */,
				733E0C5C14873B7F00D440E1 /* Spring-Prefix.pch */,
			);
			name = "Supporting Files";
			sourceTree = "<group>";
		};
/* End PBXGroup section */

/* Begin PBXNativeTarget section */
		733E0C4914873B7F00D440E1 /* Spring */ = {
			isa = PBXNativeTarget;
			buildConfigurationList = 733E0C6214873B7F00D440E1 /* Build configuration list for PBXNativeTarget "Spring" */;
			buildPhases = (
				733E0C4614873B7F00D440E1 /* Sources */,
				733E0C4714873B7F00D440E1 /* Frameworks */,
				733E0C4814873B7F00D440E1 /* Resources */,
			);
			buildRules = (
			);
			dependencies = (
			);
			name = Spring;
			productName = Spring;
			productReference = 733E0C4A14873B7F00D440E1 /* Spring.app */;
			productType = "com.apple.product-type.application";
		};
/* End PBXNativeTarget section */

/* Begin PBXProject section */
		733E0C4114873B7C00D440E1 /* Project object */ = {
			isa = PBXProject;
			attributes = {
				LastUpgradeCheck = 0420;
				ORGANIZATIONNAME = "Comedy Central";
			};
			buildConfigurationList = 733E0C4414873B7C00D440E1 /* Build configuration list for PBXProject "Spring" */;
			compatibilityVersion = "Xcode 3.2";
			developmentRegion = English;
			hasScannedForEncodings = 0;
			knownRegions = (
				en,
			);
			mainGroup = 733E0C3F14873B7C00D440E1;
			productRefGroup = 733E0C4B14873B7F00D440E1 /* Products */;
			projectDirPath = "";
			projectRoot = "";
			targets = (
				733E0C4914873B7F00D440E1 /* Spring */,
			);
		};
/* End PBXProject section */

/* Begin PBXResourcesBuildPhase section */
		733E0C4814873B7F00D440E1 /* Resources */ = {
			isa = PBXResourcesBuildPhase;
			buildActionMask = 2147483647;
			files = (
				733E0C5914873B7F00D440E1 /* InfoPlist.strings in Resources */,
			);
			runOnlyForDeploymentPostprocessing = 0;
		};
/* End PBXResourcesBuildPhase section */

/* Begin PBXSourcesBuildPhase section */
		733E0C4614873B7F00D440E1 /* Sources */ = {
			isa = PBXSourcesBuildPhase;
			buildActionMask = 2147483647;
			files = (
				733E0C5B14873B7F00D440E1 /* main.m in Sources */,
				733E0C5F14873B7F00D440E1 /* SpringAppDelegate.m in Sources */,
				733E0C6714873BA300D440E1 /* Pearl.m in Sources */,
				733E0C6A14873BAC00D440E1 /* View.m in Sources */,
				733E0C6D14873EAD00D440E1 /* ViewController.m in Sources */,
			);
			runOnlyForDeploymentPostprocessing = 0;
		};
/* End PBXSourcesBuildPhase section */

/* Begin PBXVariantGroup section */
		733E0C5714873B7F00D440E1 /* InfoPlist.strings */ = {
			isa = PBXVariantGroup;
			children = (
				733E0C5814873B7F00D440E1 /* en */,
			);
			name = InfoPlist.strings;
			sourceTree = "<group>";
		};
/* End PBXVariantGroup section */

/* Begin XCBuildConfiguration section */
		733E0C6014873B7F00D440E1 /* Debug */ = {
			isa = XCBuildConfiguration;
			buildSettings = {
				ALWAYS_SEARCH_USER_PATHS = NO;
				ARCHS = "$(ARCHS_STANDARD_32_BIT)";
				CLANG_ENABLE_OBJC_ARC = YES;
				"CODE_SIGN_IDENTITY[sdk=iphoneos*]" = "iPhone Developer";
				COPY_PHASE_STRIP = NO;
				GCC_C_LANGUAGE_STANDARD = gnu99;
				GCC_DYNAMIC_NO_PIC = NO;
				GCC_OPTIMIZATION_LEVEL = 0;
				GCC_PREPROCESSOR_DEFINITIONS = (
					"DEBUG=1",
					"$(inherited)",
				);
				GCC_SYMBOLS_PRIVATE_EXTERN = NO;
				GCC_VERSION = com.apple.compilers.llvm.clang.1_0;
				GCC_WARN_ABOUT_MISSING_PROTOTYPES = YES;
				GCC_WARN_ABOUT_RETURN_TYPE = YES;
				GCC_WARN_UNUSED_VARIABLE = YES;
				IPHONEOS_DEPLOYMENT_TARGET = 5.0;
				SDKROOT = iphoneos;
				TARGETED_DEVICE_FAMILY = "1,2";
			};
			name = Debug;
		};
		733E0C6114873B7F00D440E1 /* Release */ = {
			isa = XCBuildConfiguration;
			buildSettings = {
				ALWAYS_SEARCH_USER_PATHS = NO;
				ARCHS = "$(ARCHS_STANDARD_32_BIT)";
				CLANG_ENABLE_OBJC_ARC = YES;
				"CODE_SIGN_IDENTITY[sdk=iphoneos*]" = "iPhone Developer";
				COPY_PHASE_STRIP = YES;
				GCC_C_LANGUAGE_STANDARD = gnu99;
				GCC_VERSION = com.apple.compilers.llvm.clang.1_0;
				GCC_WARN_ABOUT_MISSING_PROTOTYPES = YES;
				GCC_WARN_ABOUT_RETURN_TYPE = YES;
				GCC_WARN_UNUSED_VARIABLE = YES;
				IPHONEOS_DEPLOYMENT_TARGET = 5.0;
				OTHER_CFLAGS = "-DNS_BLOCK_ASSERTIONS=1";
				SDKROOT = iphoneos;
				TARGETED_DEVICE_FAMILY = "1,2";
				VALIDATE_PRODUCT = YES;
			};
			name = Release;
		};
		733E0C6314873B7F00D440E1 /* Debug */ = {
			isa = XCBuildConfiguration;
			buildSettings = {
				FRAMEWORK_SEARCH_PATHS = (
					"$(inherited)",
					"\"$(SRCROOT)\"",
				);
				GCC_PRECOMPILE_PREFIX_HEADER = YES;
				GCC_PREFIX_HEADER = "Spring/Spring-Prefix.pch";
				INFOPLIST_FILE = "Spring/Spring-Info.plist";
				LIBRARY_SEARCH_PATHS = (
					"$(inherited)",
					"\"$(SRCROOT)\"",
				);
				PRODUCT_NAME = "$(TARGET_NAME)";
				WRAPPER_EXTENSION = app;
			};
			name = Debug;
		};
		733E0C6414873B7F00D440E1 /* Release */ = {
			isa = XCBuildConfiguration;
			buildSettings = {
				FRAMEWORK_SEARCH_PATHS = (
					"$(inherited)",
					"\"$(SRCROOT)\"",
				);
				GCC_PRECOMPILE_PREFIX_HEADER = YES;
				GCC_PREFIX_HEADER = "Spring/Spring-Prefix.pch";
				INFOPLIST_FILE = "Spring/Spring-Info.plist";
				LIBRARY_SEARCH_PATHS = (
					"$(inherited)",
					"\"$(SRCROOT)\"",
				);
				PRODUCT_NAME = "$(TARGET_NAME)";
				WRAPPER_EXTENSION = app;
			};
			name = Release;
		};
/* End XCBuildConfiguration section */

/* Begin XCConfigurationList section */
		733E0C4414873B7C00D440E1 /* Build configuration list for PBXProject "Spring" */ = {
			isa = XCConfigurationList;
			buildConfigurations = (
				733E0C6014873B7F00D440E1 /* Debug */,
				733E0C6114873B7F00D440E1 /* Release */,
			);
			defaultConfigurationIsVisible = 0;
			defaultConfigurationName = Release;
		};
		733E0C6214873B7F00D440E1 /* Build configuration list for PBXNativeTarget "Spring" */ = {
			isa = XCConfigurationList;
			buildConfigurations = (
				733E0C6314873B7F00D440E1 /* Debug */,
				733E0C6414873B7F00D440E1 /* Release */,
			);
			defaultConfigurationIsVisible = 0;
		};
/* End XCConfigurationList section */
	};
	rootObject = 733E0C4114873B7C00D440E1 /* Project object */;
}
