// !$*UTF8*$!
{
	archiveVersion = 1;
	classes = {
	};
	objectVersion = 46;
	objects = {

/* Begin PBXBuildFile section */
		736F3B361455348400A110E4 /* UIKit.framework in Frameworks */ = {isa = PBXBuildFile; fileRef = 736F3B351455348400A110E4 /* UIKit.framework */; };
		736F3B381455348400A110E4 /* Foundation.framework in Frameworks */ = {isa = PBXBuildFile; fileRef = 736F3B371455348400A110E4 /* Foundation.framework */; };
		736F3B3A1455348400A110E4 /* CoreGraphics.framework in Frameworks */ = {isa = PBXBuildFile; fileRef = 736F3B391455348400A110E4 /* CoreGraphics.framework */; };
		736F3B401455348400A110E4 /* InfoPlist.strings in Resources */ = {isa = PBXBuildFile; fileRef = 736F3B3E1455348400A110E4 /* InfoPlist.strings */; };
		736F3B431455348400A110E4 /* main.m in Sources */ = {isa = PBXBuildFile; fileRef = 736F3B421455348400A110E4 /* main.m */; };
		736F3B461455348400A110E4 /* JapanAppDelegate.m in Sources */ = {isa = PBXBuildFile; fileRef = 736F3B451455348400A110E4 /* JapanAppDelegate.m */; };
		736F3B4A1455348400A110E4 /* JapanAppDelegate_iPhone.m in Sources */ = {isa = PBXBuildFile; fileRef = 736F3B491455348400A110E4 /* JapanAppDelegate_iPhone.m */; };
		736F3B511455348500A110E4 /* JapanAppDelegate_iPad.m in Sources */ = {isa = PBXBuildFile; fileRef = 736F3B501455348500A110E4 /* JapanAppDelegate_iPad.m */; };
		736F3B5C1455349900A110E4 /* View.m in Sources */ = {isa = PBXBuildFile; fileRef = 736F3B5B1455349900A110E4 /* View.m */; };
/* End PBXBuildFile section */

/* Begin PBXFileReference section */
		736F3B311455348400A110E4 /* Japan.app */ = {isa = PBXFileReference; explicitFileType = wrapper.application; includeInIndex = 0; path = Japan.app; sourceTree = BUILT_PRODUCTS_DIR; };
		736F3B351455348400A110E4 /* UIKit.framework */ = {isa = PBXFileReference; lastKnownFileType = wrapper.framework; name = UIKit.framework; path = System/Library/Frameworks/UIKit.framework; sourceTree = SDKROOT; };
		736F3B371455348400A110E4 /* Foundation.framework */ = {isa = PBXFileReference; lastKnownFileType = wrapper.framework; name = Foundation.framework; path = System/Library/Frameworks/Foundation.framework; sourceTree = SDKROOT; };
		736F3B391455348400A110E4 /* CoreGraphics.framework */ = {isa = PBXFileReference; lastKnownFileType = wrapper.framework; name = CoreGraphics.framework; path = System/Library/Frameworks/CoreGraphics.framework; sourceTree = SDKROOT; };
		736F3B3D1455348400A110E4 /* Japan-Info.plist */ = {isa = PBXFileReference; lastKnownFileType = text.plist.xml; path = "Japan-Info.plist"; sourceTree = "<group>"; };
		736F3B3F1455348400A110E4 /* en */ = {isa = PBXFileReference; lastKnownFileType = text.plist.strings; name = en; path = en.lproj/InfoPlist.strings; sourceTree = "<group>"; };
		736F3B411455348400A110E4 /* Japan-Prefix.pch */ = {isa = PBXFileReference; lastKnownFileType = sourcecode.c.h; path = "Japan-Prefix.pch"; sourceTree = "<group>"; };
		736F3B421455348400A110E4 /* main.m */ = {isa = PBXFileReference; lastKnownFileType = sourcecode.c.objc; path = main.m; sourceTree = "<group>"; };
		736F3B441455348400A110E4 /* JapanAppDelegate.h */ = {isa = PBXFileReference; lastKnownFileType = sourcecode.c.h; path = JapanAppDelegate.h; sourceTree = "<group>"; };
		736F3B451455348400A110E4 /* JapanAppDelegate.m */ = {isa = PBXFileReference; lastKnownFileType = sourcecode.c.objc; path = JapanAppDelegate.m; sourceTree = "<group>"; };
		736F3B481455348400A110E4 /* JapanAppDelegate_iPhone.h */ = {isa = PBXFileReference; lastKnownFileType = sourcecode.c.h; name = JapanAppDelegate_iPhone.h; path = iPhone/JapanAppDelegate_iPhone.h; sourceTree = "<group>"; };
		736F3B491455348400A110E4 /* JapanAppDelegate_iPhone.m */ = {isa = PBXFileReference; lastKnownFileType = sourcecode.c.objc; name = JapanAppDelegate_iPhone.m; path = iPhone/JapanAppDelegate_iPhone.m; sourceTree = "<group>"; };
		736F3B4F1455348500A110E4 /* JapanAppDelegate_iPad.h */ = {isa = PBXFileReference; lastKnownFileType = sourcecode.c.h; name = JapanAppDelegate_iPad.h; path = iPad/JapanAppDelegate_iPad.h; sourceTree = "<group>"; };
		736F3B501455348500A110E4 /* JapanAppDelegate_iPad.m */ = {isa = PBXFileReference; lastKnownFileType = sourcecode.c.objc; name = JapanAppDelegate_iPad.m; path = iPad/JapanAppDelegate_iPad.m; sourceTree = "<group>"; };
		736F3B5A1455349900A110E4 /* View.h */ = {isa = PBXFileReference; fileEncoding = 4; lastKnownFileType = sourcecode.c.h; path = View.h; sourceTree = "<group>"; };
		736F3B5B1455349900A110E4 /* View.m */ = {isa = PBXFileReference; fileEncoding = 4; lastKnownFileType = sourcecode.c.objc; path = View.m; sourceTree = "<group>"; };
/* End PBXFileReference section */

/* Begin PBXFrameworksBuildPhase section */
		736F3B2E1455348400A110E4 /* Frameworks */ = {
			isa = PBXFrameworksBuildPhase;
			buildActionMask = 2147483647;
			files = (
				736F3B361455348400A110E4 /* UIKit.framework in Frameworks */,
				736F3B381455348400A110E4 /* Foundation.framework in Frameworks */,
				736F3B3A1455348400A110E4 /* CoreGraphics.framework in Frameworks */,
			);
			runOnlyForDeploymentPostprocessing = 0;
		};
/* End PBXFrameworksBuildPhase section */

/* Begin PBXGroup section */
		736F3B261455348400A110E4 = {
			isa = PBXGroup;
			children = (
				736F3B3B1455348400A110E4 /* Japan */,
				736F3B341455348400A110E4 /* Frameworks */,
				736F3B321455348400A110E4 /* Products */,
			);
			sourceTree = "<group>";
		};
		736F3B321455348400A110E4 /* Products */ = {
			isa = PBXGroup;
			children = (
				736F3B311455348400A110E4 /* Japan.app */,
			);
			name = Products;
			sourceTree = "<group>";
		};
		736F3B341455348400A110E4 /* Frameworks */ = {
			isa = PBXGroup;
			children = (
				736F3B351455348400A110E4 /* UIKit.framework */,
				736F3B371455348400A110E4 /* Foundation.framework */,
				736F3B391455348400A110E4 /* CoreGraphics.framework */,
			);
			name = Frameworks;
			sourceTree = "<group>";
		};
		736F3B3B1455348400A110E4 /* Japan */ = {
			isa = PBXGroup;
			children = (
				736F3B441455348400A110E4 /* JapanAppDelegate.h */,
				736F3B451455348400A110E4 /* JapanAppDelegate.m */,
				736F3B471455348400A110E4 /* iPhone */,
				736F3B4E1455348500A110E4 /* iPad */,
				736F3B3C1455348400A110E4 /* Supporting Files */,
				736F3B5A1455349900A110E4 /* View.h */,
				736F3B5B1455349900A110E4 /* View.m */,
			);
			path = Japan;
			sourceTree = "<group>";
		};
		736F3B3C1455348400A110E4 /* Supporting Files */ = {
			isa = PBXGroup;
			children = (
				736F3B3D1455348400A110E4 /* Japan-Info.plist */,
				736F3B3E1455348400A110E4 /* InfoPlist.strings */,
				736F3B411455348400A110E4 /* Japan-Prefix.pch */,
				736F3B421455348400A110E4 /* main.m */,
			);
			name = "Supporting Files";
			sourceTree = "<group>";
		};
		736F3B471455348400A110E4 /* iPhone */ = {
			isa = PBXGroup;
			children = (
				736F3B481455348400A110E4 /* JapanAppDelegate_iPhone.h */,
				736F3B491455348400A110E4 /* JapanAppDelegate_iPhone.m */,
			);
			name = iPhone;
			sourceTree = "<group>";
		};
		736F3B4E1455348500A110E4 /* iPad */ = {
			isa = PBXGroup;
			children = (
				736F3B4F1455348500A110E4 /* JapanAppDelegate_iPad.h */,
				736F3B501455348500A110E4 /* JapanAppDelegate_iPad.m */,
			);
			name = iPad;
			sourceTree = "<group>";
		};
/* End PBXGroup section */

/* Begin PBXNativeTarget section */
		736F3B301455348400A110E4 /* Japan */ = {
			isa = PBXNativeTarget;
			buildConfigurationList = 736F3B571455348500A110E4 /* Build configuration list for PBXNativeTarget "Japan" */;
			buildPhases = (
				736F3B2D1455348400A110E4 /* Sources */,
				736F3B2E1455348400A110E4 /* Frameworks */,
				736F3B2F1455348400A110E4 /* Resources */,
			);
			buildRules = (
			);
			dependencies = (
			);
			name = Japan;
			productName = Japan;
			productReference = 736F3B311455348400A110E4 /* Japan.app */;
			productType = "com.apple.product-type.application";
		};
/* End PBXNativeTarget section */

/* Begin PBXProject section */
		736F3B281455348400A110E4 /* Project object */ = {
			isa = PBXProject;
			attributes = {
				ORGANIZATIONNAME = "Comedy Central";
			};
			buildConfigurationList = 736F3B2B1455348400A110E4 /* Build configuration list for PBXProject "Japan" */;
			compatibilityVersion = "Xcode 3.2";
			developmentRegion = English;
			hasScannedForEncodings = 0;
			knownRegions = (
				en,
			);
			mainGroup = 736F3B261455348400A110E4;
			productRefGroup = 736F3B321455348400A110E4 /* Products */;
			projectDirPath = "";
			projectRoot = "";
			targets = (
				736F3B301455348400A110E4 /* Japan */,
			);
		};
/* End PBXProject section */

/* Begin PBXResourcesBuildPhase section */
		736F3B2F1455348400A110E4 /* Resources */ = {
			isa = PBXResourcesBuildPhase;
			buildActionMask = 2147483647;
			files = (
				736F3B401455348400A110E4 /* InfoPlist.strings in Resources */,
			);
			runOnlyForDeploymentPostprocessing = 0;
		};
/* End PBXResourcesBuildPhase section */

/* Begin PBXSourcesBuildPhase section */
		736F3B2D1455348400A110E4 /* Sources */ = {
			isa = PBXSourcesBuildPhase;
			buildActionMask = 2147483647;
			files = (
				736F3B431455348400A110E4 /* main.m in Sources */,
				736F3B461455348400A110E4 /* JapanAppDelegate.m in Sources */,
				736F3B4A1455348400A110E4 /* JapanAppDelegate_iPhone.m in Sources */,
				736F3B511455348500A110E4 /* JapanAppDelegate_iPad.m in Sources */,
				736F3B5C1455349900A110E4 /* View.m in Sources */,
			);
			runOnlyForDeploymentPostprocessing = 0;
		};
/* End PBXSourcesBuildPhase section */

/* Begin PBXVariantGroup section */
		736F3B3E1455348400A110E4 /* InfoPlist.strings */ = {
			isa = PBXVariantGroup;
			children = (
				736F3B3F1455348400A110E4 /* en */,
			);
			name = InfoPlist.strings;
			sourceTree = "<group>";
		};
/* End PBXVariantGroup section */

/* Begin XCBuildConfiguration section */
		736F3B551455348500A110E4 /* Debug */ = {
			isa = XCBuildConfiguration;
			buildSettings = {
				ARCHS = "$(ARCHS_STANDARD_32_BIT)";
				"CODE_SIGN_IDENTITY[sdk=iphoneos*]" = "iPhone Developer";
				GCC_C_LANGUAGE_STANDARD = gnu99;
				GCC_OPTIMIZATION_LEVEL = 0;
				GCC_PREPROCESSOR_DEFINITIONS = DEBUG;
				GCC_SYMBOLS_PRIVATE_EXTERN = NO;
				GCC_VERSION = com.apple.compilers.llvmgcc42;
				GCC_WARN_ABOUT_RETURN_TYPE = YES;
				GCC_WARN_UNUSED_VARIABLE = YES;
				IPHONEOS_DEPLOYMENT_TARGET = 4.3;
				SDKROOT = iphoneos;
				TARGETED_DEVICE_FAMILY = "1,2";
			};
			name = Debug;
		};
		736F3B561455348500A110E4 /* Release */ = {
			isa = XCBuildConfiguration;
			buildSettings = {
				ARCHS = "$(ARCHS_STANDARD_32_BIT)";
				"CODE_SIGN_IDENTITY[sdk=iphoneos*]" = "iPhone Developer";
				GCC_C_LANGUAGE_STANDARD = gnu99;
				GCC_VERSION = com.apple.compilers.llvmgcc42;
				GCC_WARN_ABOUT_RETURN_TYPE = YES;
				GCC_WARN_UNUSED_VARIABLE = YES;
				IPHONEOS_DEPLOYMENT_TARGET = 4.3;
				OTHER_CFLAGS = "-DNS_BLOCK_ASSERTIONS=1";
				SDKROOT = iphoneos;
				TARGETED_DEVICE_FAMILY = "1,2";
			};
			name = Release;
		};
		736F3B581455348500A110E4 /* Debug */ = {
			isa = XCBuildConfiguration;
			buildSettings = {
				ALWAYS_SEARCH_USER_PATHS = NO;
				COPY_PHASE_STRIP = NO;
				GCC_DYNAMIC_NO_PIC = NO;
				GCC_PRECOMPILE_PREFIX_HEADER = YES;
				GCC_PREFIX_HEADER = "Japan/Japan-Prefix.pch";
				INFOPLIST_FILE = "Japan/Japan-Info.plist";
				PRODUCT_NAME = "$(TARGET_NAME)";
				WRAPPER_EXTENSION = app;
			};
			name = Debug;
		};
		736F3B591455348500A110E4 /* Release */ = {
			isa = XCBuildConfiguration;
			buildSettings = {
				ALWAYS_SEARCH_USER_PATHS = NO;
				COPY_PHASE_STRIP = YES;
				GCC_PRECOMPILE_PREFIX_HEADER = YES;
				GCC_PREFIX_HEADER = "Japan/Japan-Prefix.pch";
				INFOPLIST_FILE = "Japan/Japan-Info.plist";
				PRODUCT_NAME = "$(TARGET_NAME)";
				VALIDATE_PRODUCT = YES;
				WRAPPER_EXTENSION = app;
			};
			name = Release;
		};
/* End XCBuildConfiguration section */

/* Begin XCConfigurationList section */
		736F3B2B1455348400A110E4 /* Build configuration list for PBXProject "Japan" */ = {
			isa = XCConfigurationList;
			buildConfigurations = (
				736F3B551455348500A110E4 /* Debug */,
				736F3B561455348500A110E4 /* Release */,
			);
			defaultConfigurationIsVisible = 0;
			defaultConfigurationName = Release;
		};
		736F3B571455348500A110E4 /* Build configuration list for PBXNativeTarget "Japan" */ = {
			isa = XCConfigurationList;
			buildConfigurations = (
				736F3B581455348500A110E4 /* Debug */,
				736F3B591455348500A110E4 /* Release */,
			);
			defaultConfigurationIsVisible = 0;
		};
/* End XCConfigurationList section */
	};
	rootObject = 736F3B281455348400A110E4 /* Project object */;
}
