// !$*UTF8*$!
{
	archiveVersion = 1;
	classes = {
	};
	objectVersion = 46;
	objects = {

/* Begin PBXBuildFile section */
		73E51AE21495C49400D25ED7 /* UIKit.framework in Frameworks */ = {isa = PBXBuildFile; fileRef = 73E51AE11495C49400D25ED7 /* UIKit.framework */; };
		73E51AE41495C49400D25ED7 /* Foundation.framework in Frameworks */ = {isa = PBXBuildFile; fileRef = 73E51AE31495C49400D25ED7 /* Foundation.framework */; };
		73E51AE61495C49400D25ED7 /* CoreGraphics.framework in Frameworks */ = {isa = PBXBuildFile; fileRef = 73E51AE51495C49400D25ED7 /* CoreGraphics.framework */; };
		73E51AEC1495C49400D25ED7 /* InfoPlist.strings in Resources */ = {isa = PBXBuildFile; fileRef = 73E51AEA1495C49400D25ED7 /* InfoPlist.strings */; };
		73E51AEE1495C49400D25ED7 /* main.m in Sources */ = {isa = PBXBuildFile; fileRef = 73E51AED1495C49400D25ED7 /* main.m */; };
		73E51AF21495C49400D25ED7 /* SearchAppDelegate.m in Sources */ = {isa = PBXBuildFile; fileRef = 73E51AF11495C49400D25ED7 /* SearchAppDelegate.m */; };
		73E51AFA1495C4C900D25ED7 /* ViewController.m in Sources */ = {isa = PBXBuildFile; fileRef = 73E51AF91495C4C900D25ED7 /* ViewController.m */; };
		73E51AFD1495C4F500D25ED7 /* View.m in Sources */ = {isa = PBXBuildFile; fileRef = 73E51AFC1495C4F500D25ED7 /* View.m */; };
/* End PBXBuildFile section */

/* Begin PBXFileReference section */
		73E51ADD1495C49400D25ED7 /* Search.app */ = {isa = PBXFileReference; explicitFileType = wrapper.application; includeInIndex = 0; path = Search.app; sourceTree = BUILT_PRODUCTS_DIR; };
		73E51AE11495C49400D25ED7 /* UIKit.framework */ = {isa = PBXFileReference; lastKnownFileType = wrapper.framework; name = UIKit.framework; path = System/Library/Frameworks/UIKit.framework; sourceTree = SDKROOT; };
		73E51AE31495C49400D25ED7 /* Foundation.framework */ = {isa = PBXFileReference; lastKnownFileType = wrapper.framework; name = Foundation.framework; path = System/Library/Frameworks/Foundation.framework; sourceTree = SDKROOT; };
		73E51AE51495C49400D25ED7 /* CoreGraphics.framework */ = {isa = PBXFileReference; lastKnownFileType = wrapper.framework; name = CoreGraphics.framework; path = System/Library/Frameworks/CoreGraphics.framework; sourceTree = SDKROOT; };
		73E51AE91495C49400D25ED7 /* Search-Info.plist */ = {isa = PBXFileReference; lastKnownFileType = text.plist.xml; path = "Search-Info.plist"; sourceTree = "<group>"; };
		73E51AEB1495C49400D25ED7 /* en */ = {isa = PBXFileReference; lastKnownFileType = text.plist.strings; name = en; path = en.lproj/InfoPlist.strings; sourceTree = "<group>"; };
		73E51AED1495C49400D25ED7 /* main.m */ = {isa = PBXFileReference; lastKnownFileType = sourcecode.c.objc; path = main.m; sourceTree = "<group>"; };
		73E51AEF1495C49400D25ED7 /* Search-Prefix.pch */ = {isa = PBXFileReference; lastKnownFileType = sourcecode.c.h; path = "Search-Prefix.pch"; sourceTree = "<group>"; };
		73E51AF01495C49400D25ED7 /* SearchAppDelegate.h */ = {isa = PBXFileReference; lastKnownFileType = sourcecode.c.h; path = SearchAppDelegate.h; sourceTree = "<group>"; };
		73E51AF11495C49400D25ED7 /* SearchAppDelegate.m */ = {isa = PBXFileReference; lastKnownFileType = sourcecode.c.objc; path = SearchAppDelegate.m; sourceTree = "<group>"; };
		73E51AF81495C4C900D25ED7 /* ViewController.h */ = {isa = PBXFileReference; fileEncoding = 4; lastKnownFileType = sourcecode.c.h; path = ViewController.h; sourceTree = "<group>"; };
		73E51AF91495C4C900D25ED7 /* ViewController.m */ = {isa = PBXFileReference; fileEncoding = 4; lastKnownFileType = sourcecode.c.objc; path = ViewController.m; sourceTree = "<group>"; };
		73E51AFB1495C4F500D25ED7 /* View.h */ = {isa = PBXFileReference; fileEncoding = 4; lastKnownFileType = sourcecode.c.h; path = View.h; sourceTree = "<group>"; };
		73E51AFC1495C4F500D25ED7 /* View.m */ = {isa = PBXFileReference; fileEncoding = 4; lastKnownFileType = sourcecode.c.objc; path = View.m; sourceTree = "<group>"; };
/* End PBXFileReference section */

/* Begin PBXFrameworksBuildPhase section */
		73E51ADA1495C49400D25ED7 /* Frameworks */ = {
			isa = PBXFrameworksBuildPhase;
			buildActionMask = 2147483647;
			files = (
				73E51AE21495C49400D25ED7 /* UIKit.framework in Frameworks */,
				73E51AE41495C49400D25ED7 /* Foundation.framework in Frameworks */,
				73E51AE61495C49400D25ED7 /* CoreGraphics.framework in Frameworks */,
			);
			runOnlyForDeploymentPostprocessing = 0;
		};
/* End PBXFrameworksBuildPhase section */

/* Begin PBXGroup section */
		73E51AD21495C49400D25ED7 = {
			isa = PBXGroup;
			children = (
				73E51AE71495C49400D25ED7 /* Search */,
				73E51AE01495C49400D25ED7 /* Frameworks */,
				73E51ADE1495C49400D25ED7 /* Products */,
			);
			sourceTree = "<group>";
		};
		73E51ADE1495C49400D25ED7 /* Products */ = {
			isa = PBXGroup;
			children = (
				73E51ADD1495C49400D25ED7 /* Search.app */,
			);
			name = Products;
			sourceTree = "<group>";
		};
		73E51AE01495C49400D25ED7 /* Frameworks */ = {
			isa = PBXGroup;
			children = (
				73E51AE11495C49400D25ED7 /* UIKit.framework */,
				73E51AE31495C49400D25ED7 /* Foundation.framework */,
				73E51AE51495C49400D25ED7 /* CoreGraphics.framework */,
			);
			name = Frameworks;
			sourceTree = "<group>";
		};
		73E51AE71495C49400D25ED7 /* Search */ = {
			isa = PBXGroup;
			children = (
				73E51AF01495C49400D25ED7 /* SearchAppDelegate.h */,
				73E51AF11495C49400D25ED7 /* SearchAppDelegate.m */,
				73E51AE81495C49400D25ED7 /* Supporting Files */,
				73E51AF81495C4C900D25ED7 /* ViewController.h */,
				73E51AF91495C4C900D25ED7 /* ViewController.m */,
				73E51AFB1495C4F500D25ED7 /* View.h */,
				73E51AFC1495C4F500D25ED7 /* View.m */,
			);
			path = Search;
			sourceTree = "<group>";
		};
		73E51AE81495C49400D25ED7 /* Supporting Files */ = {
			isa = PBXGroup;
			children = (
				73E51AE91495C49400D25ED7 /* Search-Info.plist */,
				73E51AEA1495C49400D25ED7 /* InfoPlist.strings */,
				73E51AED1495C49400D25ED7 /* main.m */,
				73E51AEF1495C49400D25ED7 /* Search-Prefix.pch */,
			);
			name = "Supporting Files";
			sourceTree = "<group>";
		};
/* End PBXGroup section */

/* Begin PBXNativeTarget section */
		73E51ADC1495C49400D25ED7 /* Search */ = {
			isa = PBXNativeTarget;
			buildConfigurationList = 73E51AF51495C49400D25ED7 /* Build configuration list for PBXNativeTarget "Search" */;
			buildPhases = (
				73E51AD91495C49400D25ED7 /* Sources */,
				73E51ADA1495C49400D25ED7 /* Frameworks */,
				73E51ADB1495C49400D25ED7 /* Resources */,
			);
			buildRules = (
			);
			dependencies = (
			);
			name = Search;
			productName = Search;
			productReference = 73E51ADD1495C49400D25ED7 /* Search.app */;
			productType = "com.apple.product-type.application";
		};
/* End PBXNativeTarget section */

/* Begin PBXProject section */
		73E51AD41495C49400D25ED7 /* Project object */ = {
			isa = PBXProject;
			attributes = {
				LastUpgradeCheck = 0420;
				ORGANIZATIONNAME = "Comedy Central";
			};
			buildConfigurationList = 73E51AD71495C49400D25ED7 /* Build configuration list for PBXProject "Search" */;
			compatibilityVersion = "Xcode 3.2";
			developmentRegion = English;
			hasScannedForEncodings = 0;
			knownRegions = (
				en,
			);
			mainGroup = 73E51AD21495C49400D25ED7;
			productRefGroup = 73E51ADE1495C49400D25ED7 /* Products */;
			projectDirPath = "";
			projectRoot = "";
			targets = (
				73E51ADC1495C49400D25ED7 /* Search */,
			);
		};
/* End PBXProject section */

/* Begin PBXResourcesBuildPhase section */
		73E51ADB1495C49400D25ED7 /* Resources */ = {
			isa = PBXResourcesBuildPhase;
			buildActionMask = 2147483647;
			files = (
				73E51AEC1495C49400D25ED7 /* InfoPlist.strings in Resources */,
			);
			runOnlyForDeploymentPostprocessing = 0;
		};
/* End PBXResourcesBuildPhase section */

/* Begin PBXSourcesBuildPhase section */
		73E51AD91495C49400D25ED7 /* Sources */ = {
			isa = PBXSourcesBuildPhase;
			buildActionMask = 2147483647;
			files = (
				73E51AEE1495C49400D25ED7 /* main.m in Sources */,
				73E51AF21495C49400D25ED7 /* SearchAppDelegate.m in Sources */,
				73E51AFA1495C4C900D25ED7 /* ViewController.m in Sources */,
				73E51AFD1495C4F500D25ED7 /* View.m in Sources */,
			);
			runOnlyForDeploymentPostprocessing = 0;
		};
/* End PBXSourcesBuildPhase section */

/* Begin PBXVariantGroup section */
		73E51AEA1495C49400D25ED7 /* InfoPlist.strings */ = {
			isa = PBXVariantGroup;
			children = (
				73E51AEB1495C49400D25ED7 /* en */,
			);
			name = InfoPlist.strings;
			sourceTree = "<group>";
		};
/* End PBXVariantGroup section */

/* Begin XCBuildConfiguration section */
		73E51AF31495C49400D25ED7 /* Debug */ = {
			isa = XCBuildConfiguration;
			buildSettings = {
				ALWAYS_SEARCH_USER_PATHS = NO;
				ARCHS = "$(ARCHS_STANDARD_32_BIT)";
				CLANG_ENABLE_OBJC_ARC = YES;
				"CODE_SIGN_IDENTITY[sdk=iphoneos*]" = "iPhone Developer";
				COPY_PHASE_STRIP = NO;
				GCC_C_LANGUAGE_STANDARD = gnu99;
				GCC_DYNAMIC_NO_PIC = NO;
				GCC_OPTIMIZATION_LEVEL = 0;
				GCC_PREPROCESSOR_DEFINITIONS = (
					"DEBUG=1",
					"$(inherited)",
				);
				GCC_SYMBOLS_PRIVATE_EXTERN = NO;
				GCC_VERSION = com.apple.compilers.llvm.clang.1_0;
				GCC_WARN_ABOUT_MISSING_PROTOTYPES = YES;
				GCC_WARN_ABOUT_RETURN_TYPE = YES;
				GCC_WARN_UNUSED_VARIABLE = YES;
				IPHONEOS_DEPLOYMENT_TARGET = 5.0;
				SDKROOT = iphoneos;
				TARGETED_DEVICE_FAMILY = "1,2";
			};
			name = Debug;
		};
		73E51AF41495C49400D25ED7 /* Release */ = {
			isa = XCBuildConfiguration;
			buildSettings = {
				ALWAYS_SEARCH_USER_PATHS = NO;
				ARCHS = "$(ARCHS_STANDARD_32_BIT)";
				CLANG_ENABLE_OBJC_ARC = YES;
				"CODE_SIGN_IDENTITY[sdk=iphoneos*]" = "iPhone Developer";
				COPY_PHASE_STRIP = YES;
				GCC_C_LANGUAGE_STANDARD = gnu99;
				GCC_VERSION = com.apple.compilers.llvm.clang.1_0;
				GCC_WARN_ABOUT_MISSING_PROTOTYPES = YES;
				GCC_WARN_ABOUT_RETURN_TYPE = YES;
				GCC_WARN_UNUSED_VARIABLE = YES;
				IPHONEOS_DEPLOYMENT_TARGET = 5.0;
				OTHER_CFLAGS = "-DNS_BLOCK_ASSERTIONS=1";
				SDKROOT = iphoneos;
				TARGETED_DEVICE_FAMILY = "1,2";
				VALIDATE_PRODUCT = YES;
			};
			name = Release;
		};
		73E51AF61495C49400D25ED7 /* Debug */ = {
			isa = XCBuildConfiguration;
			buildSettings = {
				GCC_PRECOMPILE_PREFIX_HEADER = YES;
				GCC_PREFIX_HEADER = "Search/Search-Prefix.pch";
				INFOPLIST_FILE = "Search/Search-Info.plist";
				PRODUCT_NAME = "$(TARGET_NAME)";
				WRAPPER_EXTENSION = app;
			};
			name = Debug;
		};
		73E51AF71495C49400D25ED7 /* Release */ = {
			isa = XCBuildConfiguration;
			buildSettings = {
				GCC_PRECOMPILE_PREFIX_HEADER = YES;
				GCC_PREFIX_HEADER = "Search/Search-Prefix.pch";
				INFOPLIST_FILE = "Search/Search-Info.plist";
				PRODUCT_NAME = "$(TARGET_NAME)";
				WRAPPER_EXTENSION = app;
			};
			name = Release;
		};
/* End XCBuildConfiguration section */

/* Begin XCConfigurationList section */
		73E51AD71495C49400D25ED7 /* Build configuration list for PBXProject "Search" */ = {
			isa = XCConfigurationList;
			buildConfigurations = (
				73E51AF31495C49400D25ED7 /* Debug */,
				73E51AF41495C49400D25ED7 /* Release */,
			);
			defaultConfigurationIsVisible = 0;
			defaultConfigurationName = Release;
		};
		73E51AF51495C49400D25ED7 /* Build configuration list for PBXNativeTarget "Search" */ = {
			isa = XCConfigurationList;
			buildConfigurations = (
				73E51AF61495C49400D25ED7 /* Debug */,
				73E51AF71495C49400D25ED7 /* Release */,
			);
			defaultConfigurationIsVisible = 0;
		};
/* End XCConfigurationList section */
	};
	rootObject = 73E51AD41495C49400D25ED7 /* Project object */;
}
