// !$*UTF8*$!
{
	archiveVersion = 1;
	classes = {
	};
	objectVersion = 46;
	objects = {

/* Begin PBXBuildFile section */
		73E51AB71495B8A500D25ED7 /* UIKit.framework in Frameworks */ = {isa = PBXBuildFile; fileRef = 73E51AB61495B8A500D25ED7 /* UIKit.framework */; };
		73E51AB91495B8A500D25ED7 /* Foundation.framework in Frameworks */ = {isa = PBXBuildFile; fileRef = 73E51AB81495B8A500D25ED7 /* Foundation.framework */; };
		73E51ABB1495B8A500D25ED7 /* CoreGraphics.framework in Frameworks */ = {isa = PBXBuildFile; fileRef = 73E51ABA1495B8A500D25ED7 /* CoreGraphics.framework */; };
		73E51AC11495B8A500D25ED7 /* InfoPlist.strings in Resources */ = {isa = PBXBuildFile; fileRef = 73E51ABF1495B8A500D25ED7 /* InfoPlist.strings */; };
		73E51AC31495B8A500D25ED7 /* main.m in Sources */ = {isa = PBXBuildFile; fileRef = 73E51AC21495B8A500D25ED7 /* main.m */; };
		73E51AC71495B8A500D25ED7 /* StatesAppDelegate.m in Sources */ = {isa = PBXBuildFile; fileRef = 73E51AC61495B8A500D25ED7 /* StatesAppDelegate.m */; };
		73E51ACF1495B8E800D25ED7 /* ViewController.m in Sources */ = {isa = PBXBuildFile; fileRef = 73E51ACE1495B8E800D25ED7 /* ViewController.m */; };
		73E51AD11495BCBB00D25ED7 /* Alaska.jpg in Resources */ = {isa = PBXBuildFile; fileRef = 73E51AD01495BCBB00D25ED7 /* Alaska.jpg */; };
/* End PBXBuildFile section */

/* Begin PBXFileReference section */
		73E51AB21495B8A500D25ED7 /* States.app */ = {isa = PBXFileReference; explicitFileType = wrapper.application; includeInIndex = 0; path = States.app; sourceTree = BUILT_PRODUCTS_DIR; };
		73E51AB61495B8A500D25ED7 /* UIKit.framework */ = {isa = PBXFileReference; lastKnownFileType = wrapper.framework; name = UIKit.framework; path = System/Library/Frameworks/UIKit.framework; sourceTree = SDKROOT; };
		73E51AB81495B8A500D25ED7 /* Foundation.framework */ = {isa = PBXFileReference; lastKnownFileType = wrapper.framework; name = Foundation.framework; path = System/Library/Frameworks/Foundation.framework; sourceTree = SDKROOT; };
		73E51ABA1495B8A500D25ED7 /* CoreGraphics.framework */ = {isa = PBXFileReference; lastKnownFileType = wrapper.framework; name = CoreGraphics.framework; path = System/Library/Frameworks/CoreGraphics.framework; sourceTree = SDKROOT; };
		73E51ABE1495B8A500D25ED7 /* States-Info.plist */ = {isa = PBXFileReference; lastKnownFileType = text.plist.xml; path = "States-Info.plist"; sourceTree = "<group>"; };
		73E51AC01495B8A500D25ED7 /* en */ = {isa = PBXFileReference; lastKnownFileType = text.plist.strings; name = en; path = en.lproj/InfoPlist.strings; sourceTree = "<group>"; };
		73E51AC21495B8A500D25ED7 /* main.m */ = {isa = PBXFileReference; lastKnownFileType = sourcecode.c.objc; path = main.m; sourceTree = "<group>"; };
		73E51AC41495B8A500D25ED7 /* States-Prefix.pch */ = {isa = PBXFileReference; lastKnownFileType = sourcecode.c.h; path = "States-Prefix.pch"; sourceTree = "<group>"; };
		73E51AC51495B8A500D25ED7 /* StatesAppDelegate.h */ = {isa = PBXFileReference; lastKnownFileType = sourcecode.c.h; path = StatesAppDelegate.h; sourceTree = "<group>"; };
		73E51AC61495B8A500D25ED7 /* StatesAppDelegate.m */ = {isa = PBXFileReference; lastKnownFileType = sourcecode.c.objc; path = StatesAppDelegate.m; sourceTree = "<group>"; };
		73E51ACD1495B8E800D25ED7 /* ViewController.h */ = {isa = PBXFileReference; fileEncoding = 4; lastKnownFileType = sourcecode.c.h; path = ViewController.h; sourceTree = "<group>"; };
		73E51ACE1495B8E800D25ED7 /* ViewController.m */ = {isa = PBXFileReference; fileEncoding = 4; lastKnownFileType = sourcecode.c.objc; path = ViewController.m; sourceTree = "<group>"; };
		73E51AD01495BCBB00D25ED7 /* Alaska.jpg */ = {isa = PBXFileReference; lastKnownFileType = image.jpeg; path = Alaska.jpg; sourceTree = "<group>"; };
/* End PBXFileReference section */

/* Begin PBXFrameworksBuildPhase section */
		73E51AAF1495B8A500D25ED7 /* Frameworks */ = {
			isa = PBXFrameworksBuildPhase;
			buildActionMask = 2147483647;
			files = (
				73E51AB71495B8A500D25ED7 /* UIKit.framework in Frameworks */,
				73E51AB91495B8A500D25ED7 /* Foundation.framework in Frameworks */,
				73E51ABB1495B8A500D25ED7 /* CoreGraphics.framework in Frameworks */,
			);
			runOnlyForDeploymentPostprocessing = 0;
		};
/* End PBXFrameworksBuildPhase section */

/* Begin PBXGroup section */
		73E51AA71495B8A500D25ED7 = {
			isa = PBXGroup;
			children = (
				73E51ABC1495B8A500D25ED7 /* States */,
				73E51AB51495B8A500D25ED7 /* Frameworks */,
				73E51AB31495B8A500D25ED7 /* Products */,
			);
			sourceTree = "<group>";
		};
		73E51AB31495B8A500D25ED7 /* Products */ = {
			isa = PBXGroup;
			children = (
				73E51AB21495B8A500D25ED7 /* States.app */,
			);
			name = Products;
			sourceTree = "<group>";
		};
		73E51AB51495B8A500D25ED7 /* Frameworks */ = {
			isa = PBXGroup;
			children = (
				73E51AB61495B8A500D25ED7 /* UIKit.framework */,
				73E51AB81495B8A500D25ED7 /* Foundation.framework */,
				73E51ABA1495B8A500D25ED7 /* CoreGraphics.framework */,
			);
			name = Frameworks;
			sourceTree = "<group>";
		};
		73E51ABC1495B8A500D25ED7 /* States */ = {
			isa = PBXGroup;
			children = (
				73E51AD01495BCBB00D25ED7 /* Alaska.jpg */,
				73E51AC51495B8A500D25ED7 /* StatesAppDelegate.h */,
				73E51AC61495B8A500D25ED7 /* StatesAppDelegate.m */,
				73E51ABD1495B8A500D25ED7 /* Supporting Files */,
				73E51ACD1495B8E800D25ED7 /* ViewController.h */,
				73E51ACE1495B8E800D25ED7 /* ViewController.m */,
			);
			path = States;
			sourceTree = "<group>";
		};
		73E51ABD1495B8A500D25ED7 /* Supporting Files */ = {
			isa = PBXGroup;
			children = (
				73E51ABE1495B8A500D25ED7 /* States-Info.plist */,
				73E51ABF1495B8A500D25ED7 /* InfoPlist.strings */,
				73E51AC21495B8A500D25ED7 /* main.m */,
				73E51AC41495B8A500D25ED7 /* States-Prefix.pch */,
			);
			name = "Supporting Files";
			sourceTree = "<group>";
		};
/* End PBXGroup section */

/* Begin PBXNativeTarget section */
		73E51AB11495B8A500D25ED7 /* States */ = {
			isa = PBXNativeTarget;
			buildConfigurationList = 73E51ACA1495B8A500D25ED7 /* Build configuration list for PBXNativeTarget "States" */;
			buildPhases = (
				73E51AAE1495B8A500D25ED7 /* Sources */,
				73E51AAF1495B8A500D25ED7 /* Frameworks */,
				73E51AB01495B8A500D25ED7 /* Resources */,
			);
			buildRules = (
			);
			dependencies = (
			);
			name = States;
			productName = States;
			productReference = 73E51AB21495B8A500D25ED7 /* States.app */;
			productType = "com.apple.product-type.application";
		};
/* End PBXNativeTarget section */

/* Begin PBXProject section */
		73E51AA91495B8A500D25ED7 /* Project object */ = {
			isa = PBXProject;
			attributes = {
				LastUpgradeCheck = 0420;
				ORGANIZATIONNAME = "Comedy Central";
			};
			buildConfigurationList = 73E51AAC1495B8A500D25ED7 /* Build configuration list for PBXProject "States" */;
			compatibilityVersion = "Xcode 3.2";
			developmentRegion = English;
			hasScannedForEncodings = 0;
			knownRegions = (
				en,
			);
			mainGroup = 73E51AA71495B8A500D25ED7;
			productRefGroup = 73E51AB31495B8A500D25ED7 /* Products */;
			projectDirPath = "";
			projectRoot = "";
			targets = (
				73E51AB11495B8A500D25ED7 /* States */,
			);
		};
/* End PBXProject section */

/* Begin PBXResourcesBuildPhase section */
		73E51AB01495B8A500D25ED7 /* Resources */ = {
			isa = PBXResourcesBuildPhase;
			buildActionMask = 2147483647;
			files = (
				73E51AC11495B8A500D25ED7 /* InfoPlist.strings in Resources */,
				73E51AD11495BCBB00D25ED7 /* Alaska.jpg in Resources */,
			);
			runOnlyForDeploymentPostprocessing = 0;
		};
/* End PBXResourcesBuildPhase section */

/* Begin PBXSourcesBuildPhase section */
		73E51AAE1495B8A500D25ED7 /* Sources */ = {
			isa = PBXSourcesBuildPhase;
			buildActionMask = 2147483647;
			files = (
				73E51AC31495B8A500D25ED7 /* main.m in Sources */,
				73E51AC71495B8A500D25ED7 /* StatesAppDelegate.m in Sources */,
				73E51ACF1495B8E800D25ED7 /* ViewController.m in Sources */,
			);
			runOnlyForDeploymentPostprocessing = 0;
		};
/* End PBXSourcesBuildPhase section */

/* Begin PBXVariantGroup section */
		73E51ABF1495B8A500D25ED7 /* InfoPlist.strings */ = {
			isa = PBXVariantGroup;
			children = (
				73E51AC01495B8A500D25ED7 /* en */,
			);
			name = InfoPlist.strings;
			sourceTree = "<group>";
		};
/* End PBXVariantGroup section */

/* Begin XCBuildConfiguration section */
		73E51AC81495B8A500D25ED7 /* Debug */ = {
			isa = XCBuildConfiguration;
			buildSettings = {
				ALWAYS_SEARCH_USER_PATHS = NO;
				ARCHS = "$(ARCHS_STANDARD_32_BIT)";
				CLANG_ENABLE_OBJC_ARC = YES;
				"CODE_SIGN_IDENTITY[sdk=iphoneos*]" = "iPhone Developer";
				COPY_PHASE_STRIP = NO;
				GCC_C_LANGUAGE_STANDARD = gnu99;
				GCC_DYNAMIC_NO_PIC = NO;
				GCC_OPTIMIZATION_LEVEL = 0;
				GCC_PREPROCESSOR_DEFINITIONS = (
					"DEBUG=1",
					"$(inherited)",
				);
				GCC_SYMBOLS_PRIVATE_EXTERN = NO;
				GCC_VERSION = com.apple.compilers.llvm.clang.1_0;
				GCC_WARN_ABOUT_MISSING_PROTOTYPES = YES;
				GCC_WARN_ABOUT_RETURN_TYPE = YES;
				GCC_WARN_UNUSED_VARIABLE = YES;
				IPHONEOS_DEPLOYMENT_TARGET = 5.0;
				SDKROOT = iphoneos;
				TARGETED_DEVICE_FAMILY = "1,2";
			};
			name = Debug;
		};
		73E51AC91495B8A500D25ED7 /* Release */ = {
			isa = XCBuildConfiguration;
			buildSettings = {
				ALWAYS_SEARCH_USER_PATHS = NO;
				ARCHS = "$(ARCHS_STANDARD_32_BIT)";
				CLANG_ENABLE_OBJC_ARC = YES;
				"CODE_SIGN_IDENTITY[sdk=iphoneos*]" = "iPhone Developer";
				COPY_PHASE_STRIP = YES;
				GCC_C_LANGUAGE_STANDARD = gnu99;
				GCC_VERSION = com.apple.compilers.llvm.clang.1_0;
				GCC_WARN_ABOUT_MISSING_PROTOTYPES = YES;
				GCC_WARN_ABOUT_RETURN_TYPE = YES;
				GCC_WARN_UNUSED_VARIABLE = YES;
				IPHONEOS_DEPLOYMENT_TARGET = 5.0;
				OTHER_CFLAGS = "-DNS_BLOCK_ASSERTIONS=1";
				SDKROOT = iphoneos;
				TARGETED_DEVICE_FAMILY = "1,2";
				VALIDATE_PRODUCT = YES;
			};
			name = Release;
		};
		73E51ACB1495B8A500D25ED7 /* Debug */ = {
			isa = XCBuildConfiguration;
			buildSettings = {
				GCC_PRECOMPILE_PREFIX_HEADER = YES;
				GCC_PREFIX_HEADER = "States/States-Prefix.pch";
				INFOPLIST_FILE = "States/States-Info.plist";
				PRODUCT_NAME = "$(TARGET_NAME)";
				WRAPPER_EXTENSION = app;
			};
			name = Debug;
		};
		73E51ACC1495B8A500D25ED7 /* Release */ = {
			isa = XCBuildConfiguration;
			buildSettings = {
				GCC_PRECOMPILE_PREFIX_HEADER = YES;
				GCC_PREFIX_HEADER = "States/States-Prefix.pch";
				INFOPLIST_FILE = "States/States-Info.plist";
				PRODUCT_NAME = "$(TARGET_NAME)";
				WRAPPER_EXTENSION = app;
			};
			name = Release;
		};
/* End XCBuildConfiguration section */

/* Begin XCConfigurationList section */
		73E51AAC1495B8A500D25ED7 /* Build configuration list for PBXProject "States" */ = {
			isa = XCConfigurationList;
			buildConfigurations = (
				73E51AC81495B8A500D25ED7 /* Debug */,
				73E51AC91495B8A500D25ED7 /* Release */,
			);
			defaultConfigurationIsVisible = 0;
			defaultConfigurationName = Release;
		};
		73E51ACA1495B8A500D25ED7 /* Build configuration list for PBXNativeTarget "States" */ = {
			isa = XCConfigurationList;
			buildConfigurations = (
				73E51ACB1495B8A500D25ED7 /* Debug */,
				73E51ACC1495B8A500D25ED7 /* Release */,
			);
			defaultConfigurationIsVisible = 0;
		};
/* End XCConfigurationList section */
	};
	rootObject = 73E51AA91495B8A500D25ED7 /* Project object */;
}
